
Microsoft Visual Studio Solution File, Format Version 12.00
# Visual Studio Version 16
VisualStudioVersion = 16.0.30503.244
MinimumVisualStudioVersion = 10.0.40219.1
Project("{FAE04EC0-301F-11D3-BF4B-00C04F79EFBC}") = "User System Test App", "User System Test App.csproj", "{750E7FDF-0E00-4143-B70E-6DE00B1F0B14}"
EndProject
Global
	GlobalSection(SolutionConfigurationPlatforms) = preSolution
		Debug|Any CPU = Debug|Any CPU
		Release|Any CPU = Release|Any CPU
	EndGlobalSection
	GlobalSection(ProjectConfigurationPlatforms) = postSolution
		{750E7FDF-0E00-4143-B70E-6DE00B1F0B14}.Debug|Any CPU.ActiveCfg = Debug|Any CPU
		{750E7FDF-0E00-4143-B70E-6DE00B1F0B14}.Debug|Any CPU.Build.0 = Debug|Any CPU
		{750E7FDF-0E00-4143-B70E-6DE00B1F0B14}.Release|Any CPU.ActiveCfg = Release|Any CPU
		{750E7FDF-0E00-4143-B70E-6DE00B1F0B14}.Release|Any CPU.Build.0 = Release|Any CPU
	EndGlobalSection
	GlobalSection(SolutionProperties) = preSolution
		HideSolutionNode = FALSE
	EndGlobalSection
	GlobalSection(ExtensibilityGlobals) = postSolution
		SolutionGuid = {8EBCD6F8-EF0E-4548-B4FE-92C5ADD7B149}
	EndGlobalSection
EndGlobal
